
Microsoft Visual Studio Solution File, Format Version 10.00
# Visual Studio 2008
Project("{FAE04EC0-301F-11D3-BF4B-00C04F79EFBC}") = "FMPMMLEditor7", "FMPMMLEditor7\FMPMMLEditor7.csproj", "{5451A5B1-23BC-4440-9349-CB4D21005AA6}"
EndProject
Project("{FAE04EC0-301F-11D3-BF4B-00C04F79EFBC}") = "FMP7Api_CLR2", "FMP7Api\FMP7Api_CLR2.csproj", "{8104E38B-C7B6-4DE1-BDE1-DC3DDCD1BB84}"
EndProject
Global
	GlobalSection(SolutionConfigurationPlatforms) = preSolution
		Debug|Any CPU = Debug|Any CPU
		Debug|x64 = Debug|x64
		Debug|x86 = Debug|x86
		Release|Any CPU = Release|Any CPU
		Release|x64 = Release|x64
		Release|x86 = Release|x86
	EndGlobalSection
	GlobalSection(ProjectConfigurationPlatforms) = postSolution
		{5451A5B1-23BC-4440-9349-CB4D21005AA6}.Debug|Any CPU.ActiveCfg = Debug|Any CPU
		{5451A5B1-23BC-4440-9349-CB4D21005AA6}.Debug|Any CPU.Build.0 = Debug|Any CPU
		{5451A5B1-23BC-4440-9349-CB4D21005AA6}.Debug|x64.ActiveCfg = Debug|x86
		{5451A5B1-23BC-4440-9349-CB4D21005AA6}.Debug|x86.ActiveCfg = Debug|x86
		{5451A5B1-23BC-4440-9349-CB4D21005AA6}.Debug|x86.Build.0 = Debug|x86
		{5451A5B1-23BC-4440-9349-CB4D21005AA6}.Release|Any CPU.ActiveCfg = Release|Any CPU
		{5451A5B1-23BC-4440-9349-CB4D21005AA6}.Release|Any CPU.Build.0 = Release|Any CPU
		{5451A5B1-23BC-4440-9349-CB4D21005AA6}.Release|x64.ActiveCfg = Release|x86
		{5451A5B1-23BC-4440-9349-CB4D21005AA6}.Release|x86.ActiveCfg = Release|x86
		{5451A5B1-23BC-4440-9349-CB4D21005AA6}.Release|x86.Build.0 = Release|x86
		{8104E38B-C7B6-4DE1-BDE1-DC3DDCD1BB84}.Debug|Any CPU.ActiveCfg = Debug|Any CPU
		{8104E38B-C7B6-4DE1-BDE1-DC3DDCD1BB84}.Debug|Any CPU.Build.0 = Debug|Any CPU
		{8104E38B-C7B6-4DE1-BDE1-DC3DDCD1BB84}.Debug|x64.ActiveCfg = Debug|x64
		{8104E38B-C7B6-4DE1-BDE1-DC3DDCD1BB84}.Debug|x64.Build.0 = Debug|x64
		{8104E38B-C7B6-4DE1-BDE1-DC3DDCD1BB84}.Debug|x86.ActiveCfg = Debug|x86
		{8104E38B-C7B6-4DE1-BDE1-DC3DDCD1BB84}.Debug|x86.Build.0 = Debug|x86
		{8104E38B-C7B6-4DE1-BDE1-DC3DDCD1BB84}.Release|Any CPU.ActiveCfg = Release|Any CPU
		{8104E38B-C7B6-4DE1-BDE1-DC3DDCD1BB84}.Release|Any CPU.Build.0 = Release|Any CPU
		{8104E38B-C7B6-4DE1-BDE1-DC3DDCD1BB84}.Release|x64.ActiveCfg = Release|x64
		{8104E38B-C7B6-4DE1-BDE1-DC3DDCD1BB84}.Release|x64.Build.0 = Release|x64
		{8104E38B-C7B6-4DE1-BDE1-DC3DDCD1BB84}.Release|x86.ActiveCfg = Release|x86
		{8104E38B-C7B6-4DE1-BDE1-DC3DDCD1BB84}.Release|x86.Build.0 = Release|x86
	EndGlobalSection
	GlobalSection(SolutionProperties) = preSolution
		HideSolutionNode = FALSE
	EndGlobalSection
EndGlobal
